
Microsoft Visual Studio Solution File, Format Version 11.00
# Visual Studio 2010
Project("{FAE04EC0-301F-11D3-BF4B-00C04F79EFBC}") = "SteamVR", "SteamVR.csproj", "{D489B963-74F3-0F8F-CAD5-E6A27748CC56}"
EndProject
Project("{FAE04EC0-301F-11D3-BF4B-00C04F79EFBC}") = "SteamVR_Actions", "SteamVR_Actions.csproj", "{A1F311EB-43FF-3EAC-229F-2E4D5A535554}"
EndProject
Project("{FAE04EC0-301F-11D3-BF4B-00C04F79EFBC}") = "Assembly-CSharp", "Assembly-CSharp.csproj", "{179AED7E-48AB-0EF7-66A3-76FF4FA4DFBA}"
EndProject
Project("{FAE04EC0-301F-11D3-BF4B-00C04F79EFBC}") = "SteamVR_Editor", "SteamVR_Editor.csproj", "{D85A18C7-57B3-BCFE-635F-0395F0627D9D}"
EndProject
Project("{FAE04EC0-301F-11D3-BF4B-00C04F79EFBC}") = "SteamVR_Input_Editor", "SteamVR_Input_Editor.csproj", "{72AFD367-2EFC-B6ED-9F11-0BD01FE31E6E}"
EndProject
Project("{FAE04EC0-301F-11D3-BF4B-00C04F79EFBC}") = "SteamVR_Windows_EditorHelper", "SteamVR_Windows_EditorHelper.csproj", "{F296FD7F-029A-8981-FF94-04177B178451}"
EndProject
Global
	GlobalSection(SolutionConfigurationPlatforms) = preSolution
		Debug|Any CPU = Debug|Any CPU
		Release|Any CPU = Release|Any CPU
	EndGlobalSection
	GlobalSection(ProjectConfigurationPlatforms) = postSolution
		{D489B963-74F3-0F8F-CAD5-E6A27748CC56}.Debug|Any CPU.ActiveCfg = Debug|Any CPU
		{D489B963-74F3-0F8F-CAD5-E6A27748CC56}.Debug|Any CPU.Build.0 = Debug|Any CPU
		{D489B963-74F3-0F8F-CAD5-E6A27748CC56}.Release|Any CPU.ActiveCfg = Release|Any CPU
		{D489B963-74F3-0F8F-CAD5-E6A27748CC56}.Release|Any CPU.Build.0 = Release|Any CPU
		{A1F311EB-43FF-3EAC-229F-2E4D5A535554}.Debug|Any CPU.ActiveCfg = Debug|Any CPU
		{A1F311EB-43FF-3EAC-229F-2E4D5A535554}.Debug|Any CPU.Build.0 = Debug|Any CPU
		{A1F311EB-43FF-3EAC-229F-2E4D5A535554}.Release|Any CPU.ActiveCfg = Release|Any CPU
		{A1F311EB-43FF-3EAC-229F-2E4D5A535554}.Release|Any CPU.Build.0 = Release|Any CPU
		{179AED7E-48AB-0EF7-66A3-76FF4FA4DFBA}.Debug|Any CPU.ActiveCfg = Debug|Any CPU
		{179AED7E-48AB-0EF7-66A3-76FF4FA4DFBA}.Debug|Any CPU.Build.0 = Debug|Any CPU
		{179AED7E-48AB-0EF7-66A3-76FF4FA4DFBA}.Release|Any CPU.ActiveCfg = Release|Any CPU
		{179AED7E-48AB-0EF7-66A3-76FF4FA4DFBA}.Release|Any CPU.Build.0 = Release|Any CPU
		{D85A18C7-57B3-BCFE-635F-0395F0627D9D}.Debug|Any CPU.ActiveCfg = Debug|Any CPU
		{D85A18C7-57B3-BCFE-635F-0395F0627D9D}.Debug|Any CPU.Build.0 = Debug|Any CPU
		{D85A18C7-57B3-BCFE-635F-0395F0627D9D}.Release|Any CPU.ActiveCfg = Release|Any CPU
		{D85A18C7-57B3-BCFE-635F-0395F0627D9D}.Release|Any CPU.Build.0 = Release|Any CPU
		{72AFD367-2EFC-B6ED-9F11-0BD01FE31E6E}.Debug|Any CPU.ActiveCfg = Debug|Any CPU
		{72AFD367-2EFC-B6ED-9F11-0BD01FE31E6E}.Debug|Any CPU.Build.0 = Debug|Any CPU
		{72AFD367-2EFC-B6ED-9F11-0BD01FE31E6E}.Release|Any CPU.ActiveCfg = Release|Any CPU
		{72AFD367-2EFC-B6ED-9F11-0BD01FE31E6E}.Release|Any CPU.Build.0 = Release|Any CPU
		{F296FD7F-029A-8981-FF94-04177B178451}.Debug|Any CPU.ActiveCfg = Debug|Any CPU
		{F296FD7F-029A-8981-FF94-04177B178451}.Debug|Any CPU.Build.0 = Debug|Any CPU
		{F296FD7F-029A-8981-FF94-04177B178451}.Release|Any CPU.ActiveCfg = Release|Any CPU
		{F296FD7F-029A-8981-FF94-04177B178451}.Release|Any CPU.Build.0 = Release|Any CPU
	EndGlobalSection
	GlobalSection(SolutionProperties) = preSolution
		HideSolutionNode = FALSE
	EndGlobalSection
EndGlobal
